
Microsoft Visual Studio Solution File, Format Version 12.00
# Visual Studio 14
VisualStudioVersion = 14.0.24720.0
MinimumVisualStudioVersion = 10.0.40219.1
Project("{FAE04EC0-301F-11D3-BF4B-00C04F79EFBC}") = "UIApplication", "UIApplication\UIApplication.csproj", "{A81345DA-55A5-497D-9F59-15E7D4B15686}"
EndProject
Project("{FAE04EC0-301F-11D3-BF4B-00C04F79EFBC}") = "DataAccessLib", "DataAccessLib\DataAccessLib.csproj", "{BA3C5962-6545-4F66-B6E8-EE69C0F2718D}"
EndProject
Project("{2150E333-8FDC-42A3-9474-1A3956D46DE8}") = "ServiceOrientedApplications", "ServiceOrientedApplications", "{95601A89-69E6-4749-9608-9D23712F4B54}"
EndProject
Project("{FAE04EC0-301F-11D3-BF4B-00C04F79EFBC}") = "RemoteClient", "RemoteClient\RemoteClient.csproj", "{E05B886F-1422-44FA-AF32-C344A783CA48}"
EndProject
Project("{FAE04EC0-301F-11D3-BF4B-00C04F79EFBC}") = "RemoteObjectLib", "RemoteObjectLib\RemoteObjectLib.csproj", "{96797BCE-2C00-456F-AC13-BC4AC285754B}"
EndProject
Project("{FAE04EC0-301F-11D3-BF4B-00C04F79EFBC}") = "RemoteServer", "RemoteServer\RemoteServer.csproj", "{81A3A8AE-61CC-4795-81FE-50CEFA2A06C8}"
EndProject
Project("{E24C65DC-7377-472B-9ABA-BC803B73C61A}") = "WebServices", "..\..\2NOV2017\VSTraining\WebServices\", "{548DEF8B-2442-477A-BDAC-A7396314E7F1}"
	ProjectSection(WebsiteProperties) = preProject
		TargetFrameworkMoniker = ".NETFramework,Version%3Dv3.5"
		Debug.AspNetCompiler.VirtualPath = "/localhost_13128"
		Debug.AspNetCompiler.PhysicalPath = "..\..\2NOV2017\VSTraining\WebServices\"
		Debug.AspNetCompiler.TargetPath = "PrecompiledWeb\localhost_13128\"
		Debug.AspNetCompiler.Updateable = "true"
		Debug.AspNetCompiler.ForceOverwrite = "true"
		Debug.AspNetCompiler.FixedNames = "false"
		Debug.AspNetCompiler.Debug = "True"
		Release.AspNetCompiler.VirtualPath = "/localhost_13128"
		Release.AspNetCompiler.PhysicalPath = "..\..\2NOV2017\VSTraining\WebServices\"
		Release.AspNetCompiler.TargetPath = "PrecompiledWeb\localhost_13128\"
		Release.AspNetCompiler.Updateable = "true"
		Release.AspNetCompiler.ForceOverwrite = "true"
		Release.AspNetCompiler.FixedNames = "false"
		Release.AspNetCompiler.Debug = "False"
		VWDPort = "13128"
		SlnRelativePath = "..\..\2NOV2017\VSTraining\WebServices\"
		DefaultWebSiteLanguage = "Visual C#"
	EndProjectSection
EndProject
Project("{FAE04EC0-301F-11D3-BF4B-00C04F79EFBC}") = "TestService", "TestService\TestService.csproj", "{B5BEE493-E3E4-4756-A424-D5329A856577}"
EndProject
Project("{FAE04EC0-301F-11D3-BF4B-00C04F79EFBC}") = "SampleWcfLib", "WCF\SampleWcfLib\SampleWcfLib.csproj", "{632770B1-1778-4D66-9055-4BCC5B5345CB}"
EndProject
Global
	GlobalSection(SolutionConfigurationPlatforms) = preSolution
		Debug|Any CPU = Debug|Any CPU
		Release|Any CPU = Release|Any CPU
	EndGlobalSection
	GlobalSection(ProjectConfigurationPlatforms) = postSolution
		{A81345DA-55A5-497D-9F59-15E7D4B15686}.Debug|Any CPU.ActiveCfg = Debug|Any CPU
		{A81345DA-55A5-497D-9F59-15E7D4B15686}.Debug|Any CPU.Build.0 = Debug|Any CPU
		{A81345DA-55A5-497D-9F59-15E7D4B15686}.Release|Any CPU.ActiveCfg = Release|Any CPU
		{A81345DA-55A5-497D-9F59-15E7D4B15686}.Release|Any CPU.Build.0 = Release|Any CPU
		{BA3C5962-6545-4F66-B6E8-EE69C0F2718D}.Debug|Any CPU.ActiveCfg = Debug|Any CPU
		{BA3C5962-6545-4F66-B6E8-EE69C0F2718D}.Debug|Any CPU.Build.0 = Debug|Any CPU
		{BA3C5962-6545-4F66-B6E8-EE69C0F2718D}.Release|Any CPU.ActiveCfg = Release|Any CPU
		{BA3C5962-6545-4F66-B6E8-EE69C0F2718D}.Release|Any CPU.Build.0 = Release|Any CPU
		{E05B886F-1422-44FA-AF32-C344A783CA48}.Debug|Any CPU.ActiveCfg = Debug|Any CPU
		{E05B886F-1422-44FA-AF32-C344A783CA48}.Debug|Any CPU.Build.0 = Debug|Any CPU
		{E05B886F-1422-44FA-AF32-C344A783CA48}.Release|Any CPU.ActiveCfg = Release|Any CPU
		{E05B886F-1422-44FA-AF32-C344A783CA48}.Release|Any CPU.Build.0 = Release|Any CPU
		{96797BCE-2C00-456F-AC13-BC4AC285754B}.Debug|Any CPU.ActiveCfg = Debug|Any CPU
		{96797BCE-2C00-456F-AC13-BC4AC285754B}.Debug|Any CPU.Build.0 = Debug|Any CPU
		{96797BCE-2C00-456F-AC13-BC4AC285754B}.Release|Any CPU.ActiveCfg = Release|Any CPU
		{96797BCE-2C00-456F-AC13-BC4AC285754B}.Release|Any CPU.Build.0 = Release|Any CPU
		{81A3A8AE-61CC-4795-81FE-50CEFA2A06C8}.Debug|Any CPU.ActiveCfg = Debug|Any CPU
		{81A3A8AE-61CC-4795-81FE-50CEFA2A06C8}.Debug|Any CPU.Build.0 = Debug|Any CPU
		{81A3A8AE-61CC-4795-81FE-50CEFA2A06C8}.Release|Any CPU.ActiveCfg = Release|Any CPU
		{81A3A8AE-61CC-4795-81FE-50CEFA2A06C8}.Release|Any CPU.Build.0 = Release|Any CPU
		{548DEF8B-2442-477A-BDAC-A7396314E7F1}.Debug|Any CPU.ActiveCfg = Debug|Any CPU
		{548DEF8B-2442-477A-BDAC-A7396314E7F1}.Debug|Any CPU.Build.0 = Debug|Any CPU
		{548DEF8B-2442-477A-BDAC-A7396314E7F1}.Release|Any CPU.ActiveCfg = Debug|Any CPU
		{548DEF8B-2442-477A-BDAC-A7396314E7F1}.Release|Any CPU.Build.0 = Debug|Any CPU
		{B5BEE493-E3E4-4756-A424-D5329A856577}.Debug|Any CPU.ActiveCfg = Debug|Any CPU
		{B5BEE493-E3E4-4756-A424-D5329A856577}.Debug|Any CPU.Build.0 = Debug|Any CPU
		{B5BEE493-E3E4-4756-A424-D5329A856577}.Release|Any CPU.ActiveCfg = Release|Any CPU
		{B5BEE493-E3E4-4756-A424-D5329A856577}.Release|Any CPU.Build.0 = Release|Any CPU
		{632770B1-1778-4D66-9055-4BCC5B5345CB}.Debug|Any CPU.ActiveCfg = Debug|Any CPU
		{632770B1-1778-4D66-9055-4BCC5B5345CB}.Debug|Any CPU.Build.0 = Debug|Any CPU
		{632770B1-1778-4D66-9055-4BCC5B5345CB}.Release|Any CPU.ActiveCfg = Release|Any CPU
		{632770B1-1778-4D66-9055-4BCC5B5345CB}.Release|Any CPU.Build.0 = Release|Any CPU
	EndGlobalSection
	GlobalSection(SolutionProperties) = preSolution
		HideSolutionNode = FALSE
	EndGlobalSection
	GlobalSection(NestedProjects) = preSolution
		{E05B886F-1422-44FA-AF32-C344A783CA48} = {95601A89-69E6-4749-9608-9D23712F4B54}
		{96797BCE-2C00-456F-AC13-BC4AC285754B} = {95601A89-69E6-4749-9608-9D23712F4B54}
		{81A3A8AE-61CC-4795-81FE-50CEFA2A06C8} = {95601A89-69E6-4749-9608-9D23712F4B54}
		{548DEF8B-2442-477A-BDAC-A7396314E7F1} = {95601A89-69E6-4749-9608-9D23712F4B54}
		{B5BEE493-E3E4-4756-A424-D5329A856577} = {95601A89-69E6-4749-9608-9D23712F4B54}
	EndGlobalSection
EndGlobal
