
Microsoft Visual Studio Solution File, Format Version 12.00
# Visual Studio 14
VisualStudioVersion = 14.0.24720.0
MinimumVisualStudioVersion = 10.0.40219.1
Project("{FAE04EC0-301F-11D3-BF4B-00C04F79EFBC}") = "WCFServer", "WCFServer\WCFServer.csproj", "{C8143CEC-0DD6-4509-A040-1CE581613B72}"
EndProject
Project("{FAE04EC0-301F-11D3-BF4B-00C04F79EFBC}") = "WCFClientApp", "WCFClientApp\WCFClientApp.csproj", "{C16A2DDA-702A-47AA-B6C6-A1ADC1098FD2}"
EndProject
Global
	GlobalSection(SolutionConfigurationPlatforms) = preSolution
		Debug|Any CPU = Debug|Any CPU
		Release|Any CPU = Release|Any CPU
	EndGlobalSection
	GlobalSection(ProjectConfigurationPlatforms) = postSolution
		{C8143CEC-0DD6-4509-A040-1CE581613B72}.Debug|Any CPU.ActiveCfg = Debug|Any CPU
		{C8143CEC-0DD6-4509-A040-1CE581613B72}.Debug|Any CPU.Build.0 = Debug|Any CPU
		{C8143CEC-0DD6-4509-A040-1CE581613B72}.Release|Any CPU.ActiveCfg = Release|Any CPU
		{C8143CEC-0DD6-4509-A040-1CE581613B72}.Release|Any CPU.Build.0 = Release|Any CPU
		{C16A2DDA-702A-47AA-B6C6-A1ADC1098FD2}.Debug|Any CPU.ActiveCfg = Debug|Any CPU
		{C16A2DDA-702A-47AA-B6C6-A1ADC1098FD2}.Debug|Any CPU.Build.0 = Debug|Any CPU
		{C16A2DDA-702A-47AA-B6C6-A1ADC1098FD2}.Release|Any CPU.ActiveCfg = Release|Any CPU
		{C16A2DDA-702A-47AA-B6C6-A1ADC1098FD2}.Release|Any CPU.Build.0 = Release|Any CPU
	EndGlobalSection
	GlobalSection(SolutionProperties) = preSolution
		HideSolutionNode = FALSE
	EndGlobalSection
EndGlobal
